
Microsoft Visual Studio Solution File, Format Version 12.00
# Visual Studio 15
VisualStudioVersion = 15.0.27703.2047
MinimumVisualStudioVersion = 10.0.40219.1
Project("{E24C65DC-7377-472B-9ABA-BC803B73C61A}") = "Ham", ".", "{E9F2D38A-0C45-4BC0-8837-2BF37DAC7620}"
	ProjectSection(WebsiteProperties) = preProject
		TargetFrameworkMoniker = ".NETFramework,Version%3Dv4.0"
		Debug.AspNetCompiler.VirtualPath = "/localhost_2642"
		Debug.AspNetCompiler.PhysicalPath = "..\Ham\"
		Debug.AspNetCompiler.TargetPath = "PrecompiledWeb\localhost_2642\"
		Debug.AspNetCompiler.Updateable = "true"
		Debug.AspNetCompiler.ForceOverwrite = "true"
		Debug.AspNetCompiler.FixedNames = "false"
		Debug.AspNetCompiler.Debug = "True"
		Release.AspNetCompiler.VirtualPath = "/localhost_2642"
		Release.AspNetCompiler.PhysicalPath = "..\Ham\"
		Release.AspNetCompiler.TargetPath = "PrecompiledWeb\localhost_2642\"
		Release.AspNetCompiler.Updateable = "true"
		Release.AspNetCompiler.ForceOverwrite = "true"
		Release.AspNetCompiler.FixedNames = "false"
		Release.AspNetCompiler.Debug = "False"
		VWDPort = "2642"
		SlnRelativePath = "..\Ham\"
	EndProjectSection
EndProject
Global
	GlobalSection(SolutionConfigurationPlatforms) = preSolution
		Debug|Any CPU = Debug|Any CPU
	EndGlobalSection
	GlobalSection(ProjectConfigurationPlatforms) = postSolution
		{E9F2D38A-0C45-4BC0-8837-2BF37DAC7620}.Debug|Any CPU.ActiveCfg = Debug|Any CPU
		{E9F2D38A-0C45-4BC0-8837-2BF37DAC7620}.Debug|Any CPU.Build.0 = Debug|Any CPU
	EndGlobalSection
	GlobalSection(SolutionProperties) = preSolution
		HideSolutionNode = FALSE
	EndGlobalSection
	GlobalSection(ExtensibilityGlobals) = postSolution
		SolutionGuid = {9C2BAB96-4AAD-4A09-87D6-AAAFB03AD504}
	EndGlobalSection
EndGlobal
